
Microsoft Visual Studio Solution File, Format Version 12.00
# Visual Studio Version 16
VisualStudioVersion = 16.0.31321.278
MinimumVisualStudioVersion = 10.0.40219.1
Project("{FAE04EC0-301F-11D3-BF4B-00C04F79EFBC}") = "Assembly Browser", "Assembly Browser\Assembly Browser.csproj", "{5657EB61-69C6-446D-A5C7-83F0FE29A523}"
EndProject
Global
	GlobalSection(SolutionConfigurationPlatforms) = preSolution
		Debug|Any CPU = Debug|Any CPU
		Release|Any CPU = Release|Any CPU
	EndGlobalSection
	GlobalSection(ProjectConfigurationPlatforms) = postSolution
		{5657EB61-69C6-446D-A5C7-83F0FE29A523}.Debug|Any CPU.ActiveCfg = Debug|Any CPU
		{5657EB61-69C6-446D-A5C7-83F0FE29A523}.Debug|Any CPU.Build.0 = Debug|Any CPU
		{5657EB61-69C6-446D-A5C7-83F0FE29A523}.Release|Any CPU.ActiveCfg = Release|Any CPU
		{5657EB61-69C6-446D-A5C7-83F0FE29A523}.Release|Any CPU.Build.0 = Release|Any CPU
	EndGlobalSection
	GlobalSection(SolutionProperties) = preSolution
		HideSolutionNode = FALSE
	EndGlobalSection
	GlobalSection(ExtensibilityGlobals) = postSolution
		SolutionGuid = {FE640DE2-6732-41D9-993F-02ED55327B35}
	EndGlobalSection
EndGlobal
